
Microsoft Visual Studio Solution File, Format Version 12.00
# Visual Studio Version 17
VisualStudioVersion = 17.14.36408.4
MinimumVisualStudioVersion = 10.0.40219.1
Project("{FAE04EC0-301F-11D3-BF4B-00C04F79EFBC}") = "ECommerce.Web", "ECommerce.Web\ECommerce.Web.csproj", "{6B15A0E1-02E7-4BA7-AC67-348DD2080A21}"
EndProject
Project("{2150E333-8FDC-42A3-9474-1A3956D46DE8}") = "ApplicationCoreLayer", "ApplicationCoreLayer", "{02EA681E-C7D8-13C7-8484-4AC65E1B71E8}"
EndProject
Project("{2150E333-8FDC-42A3-9474-1A3956D46DE8}") = "InfrastructureLayer", "InfrastructureLayer", "{51491DA3-101D-498A-BEF7-C01E3727AC1E}"
EndProject
Project("{2150E333-8FDC-42A3-9474-1A3956D46DE8}") = "PersentationLayer", "PersentationLayer", "{6FE5B289-1D82-4572-A2DA-688BC5621580}"
EndProject
Project("{FAE04EC0-301F-11D3-BF4B-00C04F79EFBC}") = "ECommerce.Shared", "ECommerce.Shared\ECommerce.Shared.csproj", "{68570191-D84E-4091-BF9E-050AFB0B1C4F}"
EndProject
Project("{FAE04EC0-301F-11D3-BF4B-00C04F79EFBC}") = "ECommerce.Domain", "ECommerce.Domain\ECommerce.Domain.csproj", "{56B8AB06-9D84-4023-9F3D-320E6188F5E2}"
EndProject
Project("{FAE04EC0-301F-11D3-BF4B-00C04F79EFBC}") = "ECommerce.Service.Abstraction", "ECommerce.Service.Abstraction\ECommerce.Service.Abstraction.csproj", "{376A3A3E-A342-40AA-9FE3-F196F3FB083F}"
EndProject
Project("{FAE04EC0-301F-11D3-BF4B-00C04F79EFBC}") = "ECommerce.Service", "ECommerce.Service\ECommerce.Service.csproj", "{AF3F98FC-5CC2-4BD9-BA21-C05ABEA8A296}"
EndProject
Project("{FAE04EC0-301F-11D3-BF4B-00C04F79EFBC}") = "ECommerce.Persistence", "ECommerce.Persistence\ECommerce.Persistence.csproj", "{C3B867D2-FA1A-493B-BA00-FAA206C83ED7}"
EndProject
Project("{FAE04EC0-301F-11D3-BF4B-00C04F79EFBC}") = "ECommerce.Persentation", "ECommerce.Persentation\ECommerce.Persentation.csproj", "{5C911B95-A54D-4EF9-9898-53C78BC75617}"
EndProject
Project("{2150E333-8FDC-42A3-9474-1A3956D46DE8}") = "UiLayer", "UiLayer", "{18ED5122-4F3C-4637-BE2E-E0BAD9AABE3F}"
EndProject
Project("{2150E333-8FDC-42A3-9474-1A3956D46DE8}") = "AdminDashboard", "AdminDashboard", "{A7B5DC80-7799-482E-BDEE-0E3A50FAB28F}"
EndProject
Project("{FAE04EC0-301F-11D3-BF4B-00C04F79EFBC}") = "Admin.Dashboard", "Admin.Dashboard\Admin.Dashboard.csproj", "{FA01DFE2-C965-41C2-AEB2-1C0949E12566}"
EndProject
Global
	GlobalSection(SolutionConfigurationPlatforms) = preSolution
		Debug|Any CPU = Debug|Any CPU
		Release|Any CPU = Release|Any CPU
	EndGlobalSection
	GlobalSection(ProjectConfigurationPlatforms) = postSolution
		{6B15A0E1-02E7-4BA7-AC67-348DD2080A21}.Debug|Any CPU.ActiveCfg = Debug|Any CPU
		{6B15A0E1-02E7-4BA7-AC67-348DD2080A21}.Debug|Any CPU.Build.0 = Debug|Any CPU
		{6B15A0E1-02E7-4BA7-AC67-348DD2080A21}.Release|Any CPU.ActiveCfg = Release|Any CPU
		{6B15A0E1-02E7-4BA7-AC67-348DD2080A21}.Release|Any CPU.Build.0 = Release|Any CPU
		{68570191-D84E-4091-BF9E-050AFB0B1C4F}.Debug|Any CPU.ActiveCfg = Debug|Any CPU
		{68570191-D84E-4091-BF9E-050AFB0B1C4F}.Debug|Any CPU.Build.0 = Debug|Any CPU
		{68570191-D84E-4091-BF9E-050AFB0B1C4F}.Release|Any CPU.ActiveCfg = Release|Any CPU
		{68570191-D84E-4091-BF9E-050AFB0B1C4F}.Release|Any CPU.Build.0 = Release|Any CPU
		{56B8AB06-9D84-4023-9F3D-320E6188F5E2}.Debug|Any CPU.ActiveCfg = Debug|Any CPU
		{56B8AB06-9D84-4023-9F3D-320E6188F5E2}.Debug|Any CPU.Build.0 = Debug|Any CPU
		{56B8AB06-9D84-4023-9F3D-320E6188F5E2}.Release|Any CPU.ActiveCfg = Release|Any CPU
		{56B8AB06-9D84-4023-9F3D-320E6188F5E2}.Release|Any CPU.Build.0 = Release|Any CPU
		{376A3A3E-A342-40AA-9FE3-F196F3FB083F}.Debug|Any CPU.ActiveCfg = Debug|Any CPU
		{376A3A3E-A342-40AA-9FE3-F196F3FB083F}.Debug|Any CPU.Build.0 = Debug|Any CPU
		{376A3A3E-A342-40AA-9FE3-F196F3FB083F}.Release|Any CPU.ActiveCfg = Release|Any CPU
		{376A3A3E-A342-40AA-9FE3-F196F3FB083F}.Release|Any CPU.Build.0 = Release|Any CPU
		{AF3F98FC-5CC2-4BD9-BA21-C05ABEA8A296}.Debug|Any CPU.ActiveCfg = Debug|Any CPU
		{AF3F98FC-5CC2-4BD9-BA21-C05ABEA8A296}.Debug|Any CPU.Build.0 = Debug|Any CPU
		{AF3F98FC-5CC2-4BD9-BA21-C05ABEA8A296}.Release|Any CPU.ActiveCfg = Release|Any CPU
		{AF3F98FC-5CC2-4BD9-BA21-C05ABEA8A296}.Release|Any CPU.Build.0 = Release|Any CPU
		{C3B867D2-FA1A-493B-BA00-FAA206C83ED7}.Debug|Any CPU.ActiveCfg = Debug|Any CPU
		{C3B867D2-FA1A-493B-BA00-FAA206C83ED7}.Debug|Any CPU.Build.0 = Debug|Any CPU
		{C3B867D2-FA1A-493B-BA00-FAA206C83ED7}.Release|Any CPU.ActiveCfg = Release|Any CPU
		{C3B867D2-FA1A-493B-BA00-FAA206C83ED7}.Release|Any CPU.Build.0 = Release|Any CPU
		{5C911B95-A54D-4EF9-9898-53C78BC75617}.Debug|Any CPU.ActiveCfg = Debug|Any CPU
		{5C911B95-A54D-4EF9-9898-53C78BC75617}.Debug|Any CPU.Build.0 = Debug|Any CPU
		{5C911B95-A54D-4EF9-9898-53C78BC75617}.Release|Any CPU.ActiveCfg = Release|Any CPU
		{5C911B95-A54D-4EF9-9898-53C78BC75617}.Release|Any CPU.Build.0 = Release|Any CPU
		{FA01DFE2-C965-41C2-AEB2-1C0949E12566}.Debug|Any CPU.ActiveCfg = Debug|Any CPU
		{FA01DFE2-C965-41C2-AEB2-1C0949E12566}.Debug|Any CPU.Build.0 = Debug|Any CPU
		{FA01DFE2-C965-41C2-AEB2-1C0949E12566}.Release|Any CPU.ActiveCfg = Release|Any CPU
		{FA01DFE2-C965-41C2-AEB2-1C0949E12566}.Release|Any CPU.Build.0 = Release|Any CPU
	EndGlobalSection
	GlobalSection(SolutionProperties) = preSolution
		HideSolutionNode = FALSE
	EndGlobalSection
	GlobalSection(NestedProjects) = preSolution
		{6B15A0E1-02E7-4BA7-AC67-348DD2080A21} = {6FE5B289-1D82-4572-A2DA-688BC5621580}
		{56B8AB06-9D84-4023-9F3D-320E6188F5E2} = {02EA681E-C7D8-13C7-8484-4AC65E1B71E8}
		{376A3A3E-A342-40AA-9FE3-F196F3FB083F} = {02EA681E-C7D8-13C7-8484-4AC65E1B71E8}
		{AF3F98FC-5CC2-4BD9-BA21-C05ABEA8A296} = {02EA681E-C7D8-13C7-8484-4AC65E1B71E8}
		{C3B867D2-FA1A-493B-BA00-FAA206C83ED7} = {51491DA3-101D-498A-BEF7-C01E3727AC1E}
		{5C911B95-A54D-4EF9-9898-53C78BC75617} = {6FE5B289-1D82-4572-A2DA-688BC5621580}
		{A7B5DC80-7799-482E-BDEE-0E3A50FAB28F} = {18ED5122-4F3C-4637-BE2E-E0BAD9AABE3F}
		{FA01DFE2-C965-41C2-AEB2-1C0949E12566} = {A7B5DC80-7799-482E-BDEE-0E3A50FAB28F}
	EndGlobalSection
	GlobalSection(ExtensibilityGlobals) = postSolution
		SolutionGuid = {0E571310-677F-4B4B-8B00-8CE06394B7B6}
	EndGlobalSection
EndGlobal
